Microsoft Visual Studio Solution File, Format Version 12.00
# Visual Studio 2012
Project("{FAE04EC0-301F-11D3-BF4B-00C04F79EFBC}") = "Tose", "Tose.csproj", "{021C9145-18D6-4072-B623-745492767925}"
EndProject
Global
	GlobalSection(SolutionConfigurationPlatforms) = preSolution
	Debug|Any CPU = Debug|Any CPU
	ExportDebug|Any CPU = ExportDebug|Any CPU
	ExportRelease|Any CPU = ExportRelease|Any CPU
	EndGlobalSection
	GlobalSection(ProjectConfigurationPlatforms) = postSolution
		{021C9145-18D6-4072-B623-745492767925}.Debug|Any CPU.ActiveCfg = Debug|Any CPU
		{021C9145-18D6-4072-B623-745492767925}.Debug|Any CPU.Build.0 = Debug|Any CPU
		{021C9145-18D6-4072-B623-745492767925}.ExportDebug|Any CPU.ActiveCfg = ExportDebug|Any CPU
		{021C9145-18D6-4072-B623-745492767925}.ExportDebug|Any CPU.Build.0 = ExportDebug|Any CPU
		{021C9145-18D6-4072-B623-745492767925}.ExportRelease|Any CPU.ActiveCfg = ExportRelease|Any CPU
		{021C9145-18D6-4072-B623-745492767925}.ExportRelease|Any CPU.Build.0 = ExportRelease|Any CPU
	EndGlobalSection
EndGlobal
